// !$*UTF8*$!
{
	archiveVersion = 1;
	classes = {
	};
	objectVersion = 56;
	objects = {

/* Begin PBXBuildFile section */
		702237B62ABCEB9E00417F5B /* JSPortfolioApp.swift in Sources */ = {isa = PBXBuildFile; fileRef = 702237B52ABCEB9E00417F5B /* JSPortfolioApp.swift */; };
		702237B82ABCEB9E00417F5B /* ContentView.swift in Sources */ = {isa = PBXBuildFile; fileRef = 702237B72ABCEB9E00417F5B /* ContentView.swift */; };
		702237BA2ABCEBA000417F5B /* Assets.xcassets in Resources */ = {isa = PBXBuildFile; fileRef = 702237B92ABCEBA000417F5B /* Assets.xcassets */; };
		702237BE2ABCEBA000417F5B /* Preview Assets.xcassets in Resources */ = {isa = PBXBuildFile; fileRef = 702237BD2ABCEBA000417F5B /* Preview Assets.xcassets */; };
		702237C62ABCF8C900417F5B /* Main.xcdatamodeld in Sources */ = {isa = PBXBuildFile; fileRef = 702237C42ABCF8C900417F5B /* Main.xcdatamodeld */; };
		702237C82ABCFAFA00417F5B /* DataController.swift in Sources */ = {isa = PBXBuildFile; fileRef = 702237C72ABCFAFA00417F5B /* DataController.swift */; };
		7041F6232B165D6A001F79E4 /* JSPortfolioTests.swift in Sources */ = {isa = PBXBuildFile; fileRef = 7041F6222B165D6A001F79E4 /* JSPortfolioTests.swift */; };
		7041F62B2B16619D001F79E4 /* AssetTests.swift in Sources */ = {isa = PBXBuildFile; fileRef = 7041F62A2B16619D001F79E4 /* AssetTests.swift */; };
		7041F62D2B1664CD001F79E4 /* TagTests.swift in Sources */ = {isa = PBXBuildFile; fileRef = 7041F62C2B1664CD001F79E4 /* TagTests.swift */; };
		7041F62F2B166999001F79E4 /* AwardsTests.swift in Sources */ = {isa = PBXBuildFile; fileRef = 7041F62E2B166999001F79E4 /* AwardsTests.swift */; };
		70FE0C8C2ABD08D100E8DD37 /* SidebarView.swift in Sources */ = {isa = PBXBuildFile; fileRef = 70FE0C8B2ABD08D100E8DD37 /* SidebarView.swift */; };
		70FE0C8E2ABD08E000E8DD37 /* DetailView.swift in Sources */ = {isa = PBXBuildFile; fileRef = 70FE0C8D2ABD08E000E8DD37 /* DetailView.swift */; };
		70FE0C902ABD0D8700E8DD37 /* Filter.swift in Sources */ = {isa = PBXBuildFile; fileRef = 70FE0C8F2ABD0D8700E8DD37 /* Filter.swift */; };
		70FE0C922ABD1E7000E8DD37 /* Issue+Extensions.swift in Sources */ = {isa = PBXBuildFile; fileRef = 70FE0C912ABD1E7000E8DD37 /* Issue+Extensions.swift */; };
		70FE0C942ABD1F5C00E8DD37 /* Tag+Extensions.swift in Sources */ = {isa = PBXBuildFile; fileRef = 70FE0C932ABD1F5C00E8DD37 /* Tag+Extensions.swift */; };
		70FE0C962ABD260B00E8DD37 /* IssueRow.swift in Sources */ = {isa = PBXBuildFile; fileRef = 70FE0C952ABD260B00E8DD37 /* IssueRow.swift */; };
		70FE0C982ABD8E8200E8DD37 /* IssueView.swift in Sources */ = {isa = PBXBuildFile; fileRef = 70FE0C972ABD8E8200E8DD37 /* IssueView.swift */; };
		70FE0C9A2ABD8E8E00E8DD37 /* NoIssueView.swift in Sources */ = {isa = PBXBuildFile; fileRef = 70FE0C992ABD8E8E00E8DD37 /* NoIssueView.swift */; };
		70FE0C9C2ABDAF5700E8DD37 /* View+Extensions.swift in Sources */ = {isa = PBXBuildFile; fileRef = 70FE0C9B2ABDAF5700E8DD37 /* View+Extensions.swift */; };
		70FE0C9E2ABDE57E00E8DD37 /* Bundle-Decodable.swift in Sources */ = {isa = PBXBuildFile; fileRef = 70FE0C9D2ABDE57E00E8DD37 /* Bundle-Decodable.swift */; };
		70FE0CA02ABDE6C100E8DD37 /* Awards.json in Resources */ = {isa = PBXBuildFile; fileRef = 70FE0C9F2ABDE6C100E8DD37 /* Awards.json */; };
		70FE0CA22ABDE6DC00E8DD37 /* Award.swift in Sources */ = {isa = PBXBuildFile; fileRef = 70FE0CA12ABDE6DC00E8DD37 /* Award.swift */; };
		70FE0CA42ABDE7F400E8DD37 /* AwardsView.swift in Sources */ = {isa = PBXBuildFile; fileRef = 70FE0CA32ABDE7F400E8DD37 /* AwardsView.swift */; };
		70FE0CA62ABE154600E8DD37 /* SidebarViewToolbar.swift in Sources */ = {isa = PBXBuildFile; fileRef = 70FE0CA52ABE154600E8DD37 /* SidebarViewToolbar.swift */; };
		70FE0CA82ABE186600E8DD37 /* IssueViewToolbar.swift in Sources */ = {isa = PBXBuildFile; fileRef = 70FE0CA72ABE186600E8DD37 /* IssueViewToolbar.swift */; };
		70FE0CAA2ABE199400E8DD37 /* ContentViewToolbar.swift in Sources */ = {isa = PBXBuildFile; fileRef = 70FE0CA92ABE199400E8DD37 /* ContentViewToolbar.swift */; };
		70FE0CB22ABE1C5500E8DD37 /* TagsMenuView.swift in Sources */ = {isa = PBXBuildFile; fileRef = 70FE0CB12ABE1C5500E8DD37 /* TagsMenuView.swift */; };
		70FE0CB42ABE1F9B00E8DD37 /* SmartFilterRow.swift in Sources */ = {isa = PBXBuildFile; fileRef = 70FE0CB32ABE1F9A00E8DD37 /* SmartFilterRow.swift */; };
		70FE0CB62ABE204F00E8DD37 /* UserFilterRow.swift in Sources */ = {isa = PBXBuildFile; fileRef = 70FE0CB52ABE204F00E8DD37 /* UserFilterRow.swift */; };
/* End PBXBuildFile section */

/* Begin PBXContainerItemProxy section */
		7041F6242B165D6A001F79E4 /* PBXContainerItemProxy */ = {
			isa = PBXContainerItemProxy;
			containerPortal = 702237AA2ABCEB9E00417F5B /* Project object */;
			proxyType = 1;
			remoteGlobalIDString = 702237B12ABCEB9E00417F5B;
			remoteInfo = JSPortfolio;
		};
/* End PBXContainerItemProxy section */

/* Begin PBXFileReference section */
		701DC1C42ABD003D00B5386F /* Info.plist */ = {isa = PBXFileReference; lastKnownFileType = text.plist; path = Info.plist; sourceTree = "<group>"; };
		702237B22ABCEB9E00417F5B /* JSPortfolio.app */ = {isa = PBXFileReference; explicitFileType = wrapper.application; includeInIndex = 0; path = JSPortfolio.app; sourceTree = BUILT_PRODUCTS_DIR; };
		702237B52ABCEB9E00417F5B /* JSPortfolioApp.swift */ = {isa = PBXFileReference; lastKnownFileType = sourcecode.swift; path = JSPortfolioApp.swift; sourceTree = "<group>"; };
		702237B72ABCEB9E00417F5B /* ContentView.swift */ = {isa = PBXFileReference; lastKnownFileType = sourcecode.swift; path = ContentView.swift; sourceTree = "<group>"; };
		702237B92ABCEBA000417F5B /* Assets.xcassets */ = {isa = PBXFileReference; lastKnownFileType = folder.assetcatalog; path = Assets.xcassets; sourceTree = "<group>"; };
		702237BB2ABCEBA000417F5B /* JSPortfolio.entitlements */ = {isa = PBXFileReference; lastKnownFileType = text.plist.entitlements; path = JSPortfolio.entitlements; sourceTree = "<group>"; };
		702237BD2ABCEBA000417F5B /* Preview Assets.xcassets */ = {isa = PBXFileReference; lastKnownFileType = folder.assetcatalog; path = "Preview Assets.xcassets"; sourceTree = "<group>"; };
		702237C52ABCF8C900417F5B /* Main.xcdatamodel */ = {isa = PBXFileReference; lastKnownFileType = wrapper.xcdatamodel; path = Main.xcdatamodel; sourceTree = "<group>"; };
		702237C72ABCFAFA00417F5B /* DataController.swift */ = {isa = PBXFileReference; lastKnownFileType = sourcecode.swift; path = DataController.swift; sourceTree = "<group>"; };
		7041F6202B165D6A001F79E4 /* JSPortfolioTests.xctest */ = {isa = PBXFileReference; explicitFileType = wrapper.cfbundle; includeInIndex = 0; path = JSPortfolioTests.xctest; sourceTree = BUILT_PRODUCTS_DIR; };
		7041F6222B165D6A001F79E4 /* JSPortfolioTests.swift */ = {isa = PBXFileReference; lastKnownFileType = sourcecode.swift; path = JSPortfolioTests.swift; sourceTree = "<group>"; };
		7041F6292B165ED0001F79E4 /* JSPortfolio.xctestplan */ = {isa = PBXFileReference; lastKnownFileType = file; path = JSPortfolio.xctestplan; sourceTree = SOURCE_ROOT; };
		7041F62A2B16619D001F79E4 /* AssetTests.swift */ = {isa = PBXFileReference; lastKnownFileType = sourcecode.swift; path = AssetTests.swift; sourceTree = "<group>"; };
		7041F62C2B1664CD001F79E4 /* TagTests.swift */ = {isa = PBXFileReference; lastKnownFileType = sourcecode.swift; path = TagTests.swift; sourceTree = "<group>"; };
		7041F62E2B166999001F79E4 /* AwardsTests.swift */ = {isa = PBXFileReference; lastKnownFileType = sourcecode.swift; path = AwardsTests.swift; sourceTree = "<group>"; };
		70FE0C8B2ABD08D100E8DD37 /* SidebarView.swift */ = {isa = PBXFileReference; lastKnownFileType = sourcecode.swift; path = SidebarView.swift; sourceTree = "<group>"; };
		70FE0C8D2ABD08E000E8DD37 /* DetailView.swift */ = {isa = PBXFileReference; lastKnownFileType = sourcecode.swift; path = DetailView.swift; sourceTree = "<group>"; };
		70FE0C8F2ABD0D8700E8DD37 /* Filter.swift */ = {isa = PBXFileReference; lastKnownFileType = sourcecode.swift; path = Filter.swift; sourceTree = "<group>"; };
		70FE0C912ABD1E7000E8DD37 /* Issue+Extensions.swift */ = {isa = PBXFileReference; lastKnownFileType = sourcecode.swift; path = "Issue+Extensions.swift"; sourceTree = "<group>"; };
		70FE0C932ABD1F5C00E8DD37 /* Tag+Extensions.swift */ = {isa = PBXFileReference; lastKnownFileType = sourcecode.swift; path = "Tag+Extensions.swift"; sourceTree = "<group>"; };
		70FE0C952ABD260B00E8DD37 /* IssueRow.swift */ = {isa = PBXFileReference; lastKnownFileType = sourcecode.swift; path = IssueRow.swift; sourceTree = "<group>"; };
		70FE0C972ABD8E8200E8DD37 /* IssueView.swift */ = {isa = PBXFileReference; lastKnownFileType = sourcecode.swift; path = IssueView.swift; sourceTree = "<group>"; };
		70FE0C992ABD8E8E00E8DD37 /* NoIssueView.swift */ = {isa = PBXFileReference; lastKnownFileType = sourcecode.swift; path = NoIssueView.swift; sourceTree = "<group>"; };
		70FE0C9B2ABDAF5700E8DD37 /* View+Extensions.swift */ = {isa = PBXFileReference; lastKnownFileType = sourcecode.swift; path = "View+Extensions.swift"; sourceTree = "<group>"; };
		70FE0C9D2ABDE57E00E8DD37 /* Bundle-Decodable.swift */ = {isa = PBXFileReference; lastKnownFileType = sourcecode.swift; path = "Bundle-Decodable.swift"; sourceTree = "<group>"; };
		70FE0C9F2ABDE6C100E8DD37 /* Awards.json */ = {isa = PBXFileReference; fileEncoding = 4; lastKnownFileType = text.json; path = Awards.json; sourceTree = "<group>"; };
		70FE0CA12ABDE6DC00E8DD37 /* Award.swift */ = {isa = PBXFileReference; lastKnownFileType = sourcecode.swift; path = Award.swift; sourceTree = "<group>"; };
		70FE0CA32ABDE7F400E8DD37 /* AwardsView.swift */ = {isa = PBXFileReference; lastKnownFileType = sourcecode.swift; path = AwardsView.swift; sourceTree = "<group>"; };
		70FE0CA52ABE154600E8DD37 /* SidebarViewToolbar.swift */ = {isa = PBXFileReference; lastKnownFileType = sourcecode.swift; path = SidebarViewToolbar.swift; sourceTree = "<group>"; };
		70FE0CA72ABE186600E8DD37 /* IssueViewToolbar.swift */ = {isa = PBXFileReference; lastKnownFileType = sourcecode.swift; path = IssueViewToolbar.swift; sourceTree = "<group>"; };
		70FE0CA92ABE199400E8DD37 /* ContentViewToolbar.swift */ = {isa = PBXFileReference; lastKnownFileType = sourcecode.swift; path = ContentViewToolbar.swift; sourceTree = "<group>"; };
		70FE0CB12ABE1C5500E8DD37 /* TagsMenuView.swift */ = {isa = PBXFileReference; lastKnownFileType = sourcecode.swift; path = TagsMenuView.swift; sourceTree = "<group>"; };
		70FE0CB32ABE1F9A00E8DD37 /* SmartFilterRow.swift */ = {isa = PBXFileReference; lastKnownFileType = sourcecode.swift; path = SmartFilterRow.swift; sourceTree = "<group>"; };
		70FE0CB52ABE204F00E8DD37 /* UserFilterRow.swift */ = {isa = PBXFileReference; lastKnownFileType = sourcecode.swift; path = UserFilterRow.swift; sourceTree = "<group>"; };
/* End PBXFileReference section */

/* Begin PBXFrameworksBuildPhase section */
		702237AF2ABCEB9E00417F5B /* Frameworks */ = {
			isa = PBXFrameworksBuildPhase;
			buildActionMask = 2147483647;
			files = (
			);
			runOnlyForDeploymentPostprocessing = 0;
		};
		7041F61D2B165D6A001F79E4 /* Frameworks */ = {
			isa = PBXFrameworksBuildPhase;
			buildActionMask = 2147483647;
			files = (
			);
			runOnlyForDeploymentPostprocessing = 0;
		};
/* End PBXFrameworksBuildPhase section */

/* Begin PBXGroup section */
		702237A92ABCEB9E00417F5B = {
			isa = PBXGroup;
			children = (
				702237B42ABCEB9E00417F5B /* JSPortfolio */,
				7041F6212B165D6A001F79E4 /* JSPortfolioTests */,
				702237B32ABCEB9E00417F5B /* Products */,
			);
			sourceTree = "<group>";
		};
		702237B32ABCEB9E00417F5B /* Products */ = {
			isa = PBXGroup;
			children = (
				702237B22ABCEB9E00417F5B /* JSPortfolio.app */,
				7041F6202B165D6A001F79E4 /* JSPortfolioTests.xctest */,
			);
			name = Products;
			sourceTree = "<group>";
		};
		702237B42ABCEB9E00417F5B /* JSPortfolio */ = {
			isa = PBXGroup;
			children = (
				701DC1C42ABD003D00B5386F /* Info.plist */,
				702237B52ABCEB9E00417F5B /* JSPortfolioApp.swift */,
				702237C72ABCFAFA00417F5B /* DataController.swift */,
				70FE0CB82ABE21D600E8DD37 /* Models */,
				70FE0CAC2ABE1B1B00E8DD37 /* Extensions */,
				70FE0CAB2ABE1AF800E8DD37 /* Views */,
				702237C42ABCF8C900417F5B /* Main.xcdatamodeld */,
				702237B92ABCEBA000417F5B /* Assets.xcassets */,
				702237BB2ABCEBA000417F5B /* JSPortfolio.entitlements */,
				702237BC2ABCEBA000417F5B /* Preview Content */,
			);
			path = JSPortfolio;
			sourceTree = "<group>";
		};
		702237BC2ABCEBA000417F5B /* Preview Content */ = {
			isa = PBXGroup;
			children = (
				702237BD2ABCEBA000417F5B /* Preview Assets.xcassets */,
			);
			path = "Preview Content";
			sourceTree = "<group>";
		};
		7041F6212B165D6A001F79E4 /* JSPortfolioTests */ = {
			isa = PBXGroup;
			children = (
				7041F6292B165ED0001F79E4 /* JSPortfolio.xctestplan */,
				7041F6222B165D6A001F79E4 /* JSPortfolioTests.swift */,
				7041F62A2B16619D001F79E4 /* AssetTests.swift */,
				7041F62C2B1664CD001F79E4 /* TagTests.swift */,
				7041F62E2B166999001F79E4 /* AwardsTests.swift */,
			);
			path = JSPortfolioTests;
			sourceTree = "<group>";
		};
		70FE0CAB2ABE1AF800E8DD37 /* Views */ = {
			isa = PBXGroup;
			children = (
				70FE0CB72ABE21B500E8DD37 /* ContentView */,
				70FE0CAD2ABE1B3600E8DD37 /* AwardsView */,
				70FE0CB02ABE1B7600E8DD37 /* DetailView */,
				70FE0CAF2ABE1B6700E8DD37 /* IssueView */,
				70FE0CAE2ABE1B4200E8DD37 /* Sidebar */,
			);
			path = Views;
			sourceTree = "<group>";
		};
		70FE0CAC2ABE1B1B00E8DD37 /* Extensions */ = {
			isa = PBXGroup;
			children = (
				70FE0C912ABD1E7000E8DD37 /* Issue+Extensions.swift */,
				70FE0C9B2ABDAF5700E8DD37 /* View+Extensions.swift */,
				70FE0C932ABD1F5C00E8DD37 /* Tag+Extensions.swift */,
				70FE0C9D2ABDE57E00E8DD37 /* Bundle-Decodable.swift */,
			);
			path = Extensions;
			sourceTree = "<group>";
		};
		70FE0CAD2ABE1B3600E8DD37 /* AwardsView */ = {
			isa = PBXGroup;
			children = (
				70FE0C9F2ABDE6C100E8DD37 /* Awards.json */,
				70FE0CA32ABDE7F400E8DD37 /* AwardsView.swift */,
			);
			path = AwardsView;
			sourceTree = "<group>";
		};
		70FE0CAE2ABE1B4200E8DD37 /* Sidebar */ = {
			isa = PBXGroup;
			children = (
				70FE0CA52ABE154600E8DD37 /* SidebarViewToolbar.swift */,
				70FE0C8B2ABD08D100E8DD37 /* SidebarView.swift */,
				70FE0CB32ABE1F9A00E8DD37 /* SmartFilterRow.swift */,
				70FE0CB52ABE204F00E8DD37 /* UserFilterRow.swift */,
			);
			path = Sidebar;
			sourceTree = "<group>";
		};
		70FE0CAF2ABE1B6700E8DD37 /* IssueView */ = {
			isa = PBXGroup;
			children = (
				70FE0C972ABD8E8200E8DD37 /* IssueView.swift */,
				70FE0CB12ABE1C5500E8DD37 /* TagsMenuView.swift */,
				70FE0C952ABD260B00E8DD37 /* IssueRow.swift */,
				70FE0CA72ABE186600E8DD37 /* IssueViewToolbar.swift */,
				70FE0C992ABD8E8E00E8DD37 /* NoIssueView.swift */,
			);
			path = IssueView;
			sourceTree = "<group>";
		};
		70FE0CB02ABE1B7600E8DD37 /* DetailView */ = {
			isa = PBXGroup;
			children = (
				70FE0C8D2ABD08E000E8DD37 /* DetailView.swift */,
			);
			path = DetailView;
			sourceTree = "<group>";
		};
		70FE0CB72ABE21B500E8DD37 /* ContentView */ = {
			isa = PBXGroup;
			children = (
				702237B72ABCEB9E00417F5B /* ContentView.swift */,
				70FE0CA92ABE199400E8DD37 /* ContentViewToolbar.swift */,
			);
			path = ContentView;
			sourceTree = "<group>";
		};
		70FE0CB82ABE21D600E8DD37 /* Models */ = {
			isa = PBXGroup;
			children = (
				70FE0CA12ABDE6DC00E8DD37 /* Award.swift */,
				70FE0C8F2ABD0D8700E8DD37 /* Filter.swift */,
			);
			path = Models;
			sourceTree = "<group>";
		};
/* End PBXGroup section */

/* Begin PBXNativeTarget section */
		702237B12ABCEB9E00417F5B /* JSPortfolio */ = {
			isa = PBXNativeTarget;
			buildConfigurationList = 702237C12ABCEBA000417F5B /* Build configuration list for PBXNativeTarget "JSPortfolio" */;
			buildPhases = (
				702237AE2ABCEB9E00417F5B /* Sources */,
				702237AF2ABCEB9E00417F5B /* Frameworks */,
				702237B02ABCEB9E00417F5B /* Resources */,
			);
			buildRules = (
			);
			dependencies = (
			);
			name = JSPortfolio;
			productName = JSPortfolio;
			productReference = 702237B22ABCEB9E00417F5B /* JSPortfolio.app */;
			productType = "com.apple.product-type.application";
		};
		7041F61F2B165D6A001F79E4 /* JSPortfolioTests */ = {
			isa = PBXNativeTarget;
			buildConfigurationList = 7041F6282B165D6A001F79E4 /* Build configuration list for PBXNativeTarget "JSPortfolioTests" */;
			buildPhases = (
				7041F61C2B165D6A001F79E4 /* Sources */,
				7041F61D2B165D6A001F79E4 /* Frameworks */,
				7041F61E2B165D6A001F79E4 /* Resources */,
			);
			buildRules = (
			);
			dependencies = (
				7041F6252B165D6A001F79E4 /* PBXTargetDependency */,
			);
			name = JSPortfolioTests;
			productName = JSPortfolioTests;
			productReference = 7041F6202B165D6A001F79E4 /* JSPortfolioTests.xctest */;
			productType = "com.apple.product-type.bundle.unit-test";
		};
/* End PBXNativeTarget section */

/* Begin PBXProject section */
		702237AA2ABCEB9E00417F5B /* Project object */ = {
			isa = PBXProject;
			attributes = {
				BuildIndependentTargetsInParallel = 1;
				LastSwiftUpdateCheck = 1510;
				LastUpgradeCheck = 1500;
				TargetAttributes = {
					702237B12ABCEB9E00417F5B = {
						CreatedOnToolsVersion = 14.3.1;
					};
					7041F61F2B165D6A001F79E4 = {
						CreatedOnToolsVersion = 15.1;
						TestTargetID = 702237B12ABCEB9E00417F5B;
					};
				};
			};
			buildConfigurationList = 702237AD2ABCEB9E00417F5B /* Build configuration list for PBXProject "JSPortfolio" */;
			compatibilityVersion = "Xcode 14.0";
			developmentRegion = en;
			hasScannedForEncodings = 0;
			knownRegions = (
				en,
				Base,
			);
			mainGroup = 702237A92ABCEB9E00417F5B;
			productRefGroup = 702237B32ABCEB9E00417F5B /* Products */;
			projectDirPath = "";
			projectRoot = "";
			targets = (
				702237B12ABCEB9E00417F5B /* JSPortfolio */,
				7041F61F2B165D6A001F79E4 /* JSPortfolioTests */,
			);
		};
/* End PBXProject section */

/* Begin PBXResourcesBuildPhase section */
		702237B02ABCEB9E00417F5B /* Resources */ = {
			isa = PBXResourcesBuildPhase;
			buildActionMask = 2147483647;
			files = (
				702237BE2ABCEBA000417F5B /* Preview Assets.xcassets in Resources */,
				70FE0CA02ABDE6C100E8DD37 /* Awards.json in Resources */,
				702237BA2ABCEBA000417F5B /* Assets.xcassets in Resources */,
			);
			runOnlyForDeploymentPostprocessing = 0;
		};
		7041F61E2B165D6A001F79E4 /* Resources */ = {
			isa = PBXResourcesBuildPhase;
			buildActionMask = 2147483647;
			files = (
			);
			runOnlyForDeploymentPostprocessing = 0;
		};
/* End PBXResourcesBuildPhase section */

/* Begin PBXSourcesBuildPhase section */
		702237AE2ABCEB9E00417F5B /* Sources */ = {
			isa = PBXSourcesBuildPhase;
			buildActionMask = 2147483647;
			files = (
				70FE0CB22ABE1C5500E8DD37 /* TagsMenuView.swift in Sources */,
				70FE0CA82ABE186600E8DD37 /* IssueViewToolbar.swift in Sources */,
				70FE0CAA2ABE199400E8DD37 /* ContentViewToolbar.swift in Sources */,
				70FE0C942ABD1F5C00E8DD37 /* Tag+Extensions.swift in Sources */,
				70FE0C902ABD0D8700E8DD37 /* Filter.swift in Sources */,
				702237C62ABCF8C900417F5B /* Main.xcdatamodeld in Sources */,
				70FE0C8E2ABD08E000E8DD37 /* DetailView.swift in Sources */,
				702237C82ABCFAFA00417F5B /* DataController.swift in Sources */,
				70FE0C9E2ABDE57E00E8DD37 /* Bundle-Decodable.swift in Sources */,
				70FE0C8C2ABD08D100E8DD37 /* SidebarView.swift in Sources */,
				70FE0C922ABD1E7000E8DD37 /* Issue+Extensions.swift in Sources */,
				70FE0CB42ABE1F9B00E8DD37 /* SmartFilterRow.swift in Sources */,
				70FE0CA42ABDE7F400E8DD37 /* AwardsView.swift in Sources */,
				702237B82ABCEB9E00417F5B /* ContentView.swift in Sources */,
				70FE0C982ABD8E8200E8DD37 /* IssueView.swift in Sources */,
				70FE0C9C2ABDAF5700E8DD37 /* View+Extensions.swift in Sources */,
				70FE0C9A2ABD8E8E00E8DD37 /* NoIssueView.swift in Sources */,
				70FE0CB62ABE204F00E8DD37 /* UserFilterRow.swift in Sources */,
				70FE0C962ABD260B00E8DD37 /* IssueRow.swift in Sources */,
				70FE0CA22ABDE6DC00E8DD37 /* Award.swift in Sources */,
				702237B62ABCEB9E00417F5B /* JSPortfolioApp.swift in Sources */,
				70FE0CA62ABE154600E8DD37 /* SidebarViewToolbar.swift in Sources */,
			);
			runOnlyForDeploymentPostprocessing = 0;
		};
		7041F61C2B165D6A001F79E4 /* Sources */ = {
			isa = PBXSourcesBuildPhase;
			buildActionMask = 2147483647;
			files = (
				7041F62B2B16619D001F79E4 /* AssetTests.swift in Sources */,
				7041F62F2B166999001F79E4 /* AwardsTests.swift in Sources */,
				7041F62D2B1664CD001F79E4 /* TagTests.swift in Sources */,
				7041F6232B165D6A001F79E4 /* JSPortfolioTests.swift in Sources */,
			);
			runOnlyForDeploymentPostprocessing = 0;
		};
/* End PBXSourcesBuildPhase section */

/* Begin PBXTargetDependency section */
		7041F6252B165D6A001F79E4 /* PBXTargetDependency */ = {
			isa = PBXTargetDependency;
			target = 702237B12ABCEB9E00417F5B /* JSPortfolio */;
			targetProxy = 7041F6242B165D6A001F79E4 /* PBXContainerItemProxy */;
		};
/* End PBXTargetDependency section */

/* Begin XCBuildConfiguration section */
		702237BF2ABCEBA000417F5B /* Debug */ = {
			isa = XCBuildConfiguration;
			buildSettings = {
				ALWAYS_SEARCH_USER_PATHS = NO;
				CLANG_ANALYZER_NONNULL = YES;
				CLANG_ANALYZER_NUMBER_OBJECT_CONVERSION = YES_AGGRESSIVE;
				CLANG_CXX_LANGUAGE_STANDARD = "gnu++20";
				CLANG_ENABLE_MODULES = YES;
				CLANG_ENABLE_OBJC_ARC = YES;
				CLANG_ENABLE_OBJC_WEAK = YES;
				CLANG_WARN_BLOCK_CAPTURE_AUTORELEASING = YES;
				CLANG_WARN_BOOL_CONVERSION = YES;
				CLANG_WARN_COMMA = YES;
				CLANG_WARN_CONSTANT_CONVERSION = YES;
				CLANG_WARN_DEPRECATED_OBJC_IMPLEMENTATIONS = YES;
				CLANG_WARN_DIRECT_OBJC_ISA_USAGE = YES_ERROR;
				CLANG_WARN_DOCUMENTATION_COMMENTS = YES;
				CLANG_WARN_EMPTY_BODY = YES;
				CLANG_WARN_ENUM_CONVERSION = YES;
				CLANG_WARN_INFINITE_RECURSION = YES;
				CLANG_WARN_INT_CONVERSION = YES;
				CLANG_WARN_NON_LITERAL_NULL_CONVERSION = YES;
				CLANG_WARN_OBJC_IMPLICIT_RETAIN_SELF = YES;
				CLANG_WARN_OBJC_LITERAL_CONVERSION = YES;
				CLANG_WARN_OBJC_ROOT_CLASS = YES_ERROR;
				CLANG_WARN_QUOTED_INCLUDE_IN_FRAMEWORK_HEADER = YES;
				CLANG_WARN_RANGE_LOOP_ANALYSIS = YES;
				CLANG_WARN_STRICT_PROTOTYPES = YES;
				CLANG_WARN_SUSPICIOUS_MOVE = YES;
				CLANG_WARN_UNGUARDED_AVAILABILITY = YES_AGGRESSIVE;
				CLANG_WARN_UNREACHABLE_CODE = YES;
				CLANG_WARN__DUPLICATE_METHOD_MATCH = YES;
				COPY_PHASE_STRIP = NO;
				DEAD_CODE_STRIPPING = YES;
				DEBUG_INFORMATION_FORMAT = dwarf;
				ENABLE_STRICT_OBJC_MSGSEND = YES;
				ENABLE_TESTABILITY = YES;
				ENABLE_USER_SCRIPT_SANDBOXING = YES;
				GCC_C_LANGUAGE_STANDARD = gnu11;
				GCC_DYNAMIC_NO_PIC = NO;
				GCC_NO_COMMON_BLOCKS = YES;
				GCC_OPTIMIZATION_LEVEL = 0;
				GCC_PREPROCESSOR_DEFINITIONS = (
					"DEBUG=1",
					"$(inherited)",
				);
				GCC_WARN_64_TO_32_BIT_CONVERSION = YES;
				GCC_WARN_ABOUT_RETURN_TYPE = YES_ERROR;
				GCC_WARN_UNDECLARED_SELECTOR = YES;
				GCC_WARN_UNINITIALIZED_AUTOS = YES_AGGRESSIVE;
				GCC_WARN_UNUSED_FUNCTION = YES;
				GCC_WARN_UNUSED_VARIABLE = YES;
				IPHONEOS_DEPLOYMENT_TARGET = 17.0;
				MTL_ENABLE_DEBUG_INFO = INCLUDE_SOURCE;
				MTL_FAST_MATH = YES;
				ONLY_ACTIVE_ARCH = YES;
				SWIFT_ACTIVE_COMPILATION_CONDITIONS = DEBUG;
				SWIFT_OPTIMIZATION_LEVEL = "-Onone";
			};
			name = Debug;
		};
		702237C02ABCEBA000417F5B /* Release */ = {
			isa = XCBuildConfiguration;
			buildSettings = {
				ALWAYS_SEARCH_USER_PATHS = NO;
				CLANG_ANALYZER_NONNULL = YES;
				CLANG_ANALYZER_NUMBER_OBJECT_CONVERSION = YES_AGGRESSIVE;
				CLANG_CXX_LANGUAGE_STANDARD = "gnu++20";
				CLANG_ENABLE_MODULES = YES;
				CLANG_ENABLE_OBJC_ARC = YES;
				CLANG_ENABLE_OBJC_WEAK = YES;
				CLANG_WARN_BLOCK_CAPTURE_AUTORELEASING = YES;
				CLANG_WARN_BOOL_CONVERSION = YES;
				CLANG_WARN_COMMA = YES;
				CLANG_WARN_CONSTANT_CONVERSION = YES;
				CLANG_WARN_DEPRECATED_OBJC_IMPLEMENTATIONS = YES;
				CLANG_WARN_DIRECT_OBJC_ISA_USAGE = YES_ERROR;
				CLANG_WARN_DOCUMENTATION_COMMENTS = YES;
				CLANG_WARN_EMPTY_BODY = YES;
				CLANG_WARN_ENUM_CONVERSION = YES;
				CLANG_WARN_INFINITE_RECURSION = YES;
				CLANG_WARN_INT_CONVERSION = YES;
				CLANG_WARN_NON_LITERAL_NULL_CONVERSION = YES;
				CLANG_WARN_OBJC_IMPLICIT_RETAIN_SELF = YES;
				CLANG_WARN_OBJC_LITERAL_CONVERSION = YES;
				CLANG_WARN_OBJC_ROOT_CLASS = YES_ERROR;
				CLANG_WARN_QUOTED_INCLUDE_IN_FRAMEWORK_HEADER = YES;
				CLANG_WARN_RANGE_LOOP_ANALYSIS = YES;
				CLANG_WARN_STRICT_PROTOTYPES = YES;
				CLANG_WARN_SUSPICIOUS_MOVE = YES;
				CLANG_WARN_UNGUARDED_AVAILABILITY = YES_AGGRESSIVE;
				CLANG_WARN_UNREACHABLE_CODE = YES;
				CLANG_WARN__DUPLICATE_METHOD_MATCH = YES;
				COPY_PHASE_STRIP = NO;
				DEAD_CODE_STRIPPING = YES;
				DEBUG_INFORMATION_FORMAT = "dwarf-with-dsym";
				ENABLE_NS_ASSERTIONS = NO;
				ENABLE_STRICT_OBJC_MSGSEND = YES;
				ENABLE_USER_SCRIPT_SANDBOXING = YES;
				GCC_C_LANGUAGE_STANDARD = gnu11;
				GCC_NO_COMMON_BLOCKS = YES;
				GCC_WARN_64_TO_32_BIT_CONVERSION = YES;
				GCC_WARN_ABOUT_RETURN_TYPE = YES_ERROR;
				GCC_WARN_UNDECLARED_SELECTOR = YES;
				GCC_WARN_UNINITIALIZED_AUTOS = YES_AGGRESSIVE;
				GCC_WARN_UNUSED_FUNCTION = YES;
				GCC_WARN_UNUSED_VARIABLE = YES;
				IPHONEOS_DEPLOYMENT_TARGET = 17.0;
				MTL_ENABLE_DEBUG_INFO = NO;
				MTL_FAST_MATH = YES;
				SWIFT_COMPILATION_MODE = wholemodule;
				SWIFT_OPTIMIZATION_LEVEL = "-O";
			};
			name = Release;
		};
		702237C22ABCEBA000417F5B /* Debug */ = {
			isa = XCBuildConfiguration;
			buildSettings = {
				ASSETCATALOG_COMPILER_APPICON_NAME = AppIcon;
				ASSETCATALOG_COMPILER_GLOBAL_ACCENT_COLOR_NAME = AccentColor;
				CODE_SIGN_ENTITLEMENTS = JSPortfolio/JSPortfolio.entitlements;
				CODE_SIGN_STYLE = Automatic;
				CURRENT_PROJECT_VERSION = 1;
				DEAD_CODE_STRIPPING = YES;
				DEVELOPMENT_ASSET_PATHS = "\"JSPortfolio/Preview Content\"";
				DEVELOPMENT_TEAM = 3SG8WAVD36;
				ENABLE_HARDENED_RUNTIME = YES;
				ENABLE_PREVIEWS = YES;
				GENERATE_INFOPLIST_FILE = YES;
				INFOPLIST_FILE = JSPortfolio/Info.plist;
				INFOPLIST_KEY_LSApplicationCategoryType = "public.app-category.education";
				"INFOPLIST_KEY_UIApplicationSceneManifest_Generation[sdk=iphoneos*]" = YES;
				"INFOPLIST_KEY_UIApplicationSceneManifest_Generation[sdk=iphonesimulator*]" = YES;
				"INFOPLIST_KEY_UIApplicationSupportsIndirectInputEvents[sdk=iphoneos*]" = YES;
				"INFOPLIST_KEY_UIApplicationSupportsIndirectInputEvents[sdk=iphonesimulator*]" = YES;
				"INFOPLIST_KEY_UILaunchScreen_Generation[sdk=iphoneos*]" = YES;
				"INFOPLIST_KEY_UILaunchScreen_Generation[sdk=iphonesimulator*]" = YES;
				"INFOPLIST_KEY_UIStatusBarStyle[sdk=iphoneos*]" = UIStatusBarStyleDefault;
				"INFOPLIST_KEY_UIStatusBarStyle[sdk=iphonesimulator*]" = UIStatusBarStyleDefault;
				INFOPLIST_KEY_UISupportedInterfaceOrientations_iPad = "UIInterfaceOrientationPortrait UIInterfaceOrientationPortraitUpsideDown UIInterfaceOrientationLandscapeLeft UIInterfaceOrientationLandscapeRight";
				INFOPLIST_KEY_UISupportedInterfaceOrientations_iPhone = "UIInterfaceOrientationPortrait UIInterfaceOrientationLandscapeLeft UIInterfaceOrientationLandscapeRight";
				IPHONEOS_DEPLOYMENT_TARGET = 17.0;
				LD_RUNPATH_SEARCH_PATHS = "@executable_path/Frameworks";
				"LD_RUNPATH_SEARCH_PATHS[sdk=macosx*]" = "@executable_path/../Frameworks";
				MACOSX_DEPLOYMENT_TARGET = 13.3;
				MARKETING_VERSION = 1.0;
				PRODUCT_BUNDLE_IDENTIFIER = com.stout.jason.JSPortfolio;
				PRODUCT_NAME = "$(TARGET_NAME)";
				SDKROOT = auto;
				SUPPORTED_PLATFORMS = "iphoneos iphonesimulator macosx";
				SWIFT_EMIT_LOC_STRINGS = YES;
				SWIFT_VERSION = 5.0;
				TARGETED_DEVICE_FAMILY = "1,2";
			};
			name = Debug;
		};
		702237C32ABCEBA000417F5B /* Release */ = {
			isa = XCBuildConfiguration;
			buildSettings = {
				ASSETCATALOG_COMPILER_APPICON_NAME = AppIcon;
				ASSETCATALOG_COMPILER_GLOBAL_ACCENT_COLOR_NAME = AccentColor;
				CODE_SIGN_ENTITLEMENTS = JSPortfolio/JSPortfolio.entitlements;
				CODE_SIGN_STYLE = Automatic;
				CURRENT_PROJECT_VERSION = 1;
				DEAD_CODE_STRIPPING = YES;
				DEVELOPMENT_ASSET_PATHS = "\"JSPortfolio/Preview Content\"";
				DEVELOPMENT_TEAM = 3SG8WAVD36;
				ENABLE_HARDENED_RUNTIME = YES;
				ENABLE_PREVIEWS = YES;
				GENERATE_INFOPLIST_FILE = YES;
				INFOPLIST_FILE = JSPortfolio/Info.plist;
				INFOPLIST_KEY_LSApplicationCategoryType = "public.app-category.education";
				"INFOPLIST_KEY_UIApplicationSceneManifest_Generation[sdk=iphoneos*]" = YES;
				"INFOPLIST_KEY_UIApplicationSceneManifest_Generation[sdk=iphonesimulator*]" = YES;
				"INFOPLIST_KEY_UIApplicationSupportsIndirectInputEvents[sdk=iphoneos*]" = YES;
				"INFOPLIST_KEY_UIApplicationSupportsIndirectInputEvents[sdk=iphonesimulator*]" = YES;
				"INFOPLIST_KEY_UILaunchScreen_Generation[sdk=iphoneos*]" = YES;
				"INFOPLIST_KEY_UILaunchScreen_Generation[sdk=iphonesimulator*]" = YES;
				"INFOPLIST_KEY_UIStatusBarStyle[sdk=iphoneos*]" = UIStatusBarStyleDefault;
				"INFOPLIST_KEY_UIStatusBarStyle[sdk=iphonesimulator*]" = UIStatusBarStyleDefault;
				INFOPLIST_KEY_UISupportedInterfaceOrientations_iPad = "UIInterfaceOrientationPortrait UIInterfaceOrientationPortraitUpsideDown UIInterfaceOrientationLandscapeLeft UIInterfaceOrientationLandscapeRight";
				INFOPLIST_KEY_UISupportedInterfaceOrientations_iPhone = "UIInterfaceOrientationPortrait UIInterfaceOrientationLandscapeLeft UIInterfaceOrientationLandscapeRight";
				IPHONEOS_DEPLOYMENT_TARGET = 17.0;
				LD_RUNPATH_SEARCH_PATHS = "@executable_path/Frameworks";
				"LD_RUNPATH_SEARCH_PATHS[sdk=macosx*]" = "@executable_path/../Frameworks";
				MACOSX_DEPLOYMENT_TARGET = 13.3;
				MARKETING_VERSION = 1.0;
				PRODUCT_BUNDLE_IDENTIFIER = com.stout.jason.JSPortfolio;
				PRODUCT_NAME = "$(TARGET_NAME)";
				SDKROOT = auto;
				SUPPORTED_PLATFORMS = "iphoneos iphonesimulator macosx";
				SWIFT_EMIT_LOC_STRINGS = YES;
				SWIFT_VERSION = 5.0;
				TARGETED_DEVICE_FAMILY = "1,2";
			};
			name = Release;
		};
		7041F6262B165D6A001F79E4 /* Debug */ = {
			isa = XCBuildConfiguration;
			buildSettings = {
				ASSETCATALOG_COMPILER_GENERATE_SWIFT_ASSET_SYMBOL_EXTENSIONS = YES;
				BUNDLE_LOADER = "$(TEST_HOST)";
				CODE_SIGN_STYLE = Automatic;
				CURRENT_PROJECT_VERSION = 1;
				DEVELOPMENT_TEAM = 3SG8WAVD36;
				GCC_C_LANGUAGE_STANDARD = gnu17;
				GENERATE_INFOPLIST_FILE = YES;
				IPHONEOS_DEPLOYMENT_TARGET = 17.2;
				LOCALIZATION_PREFERS_STRING_CATALOGS = YES;
				MARKETING_VERSION = 1.0;
				PRODUCT_BUNDLE_IDENTIFIER = com.stout.jason.JSPortfolioTests;
				PRODUCT_NAME = "$(TARGET_NAME)";
				SDKROOT = iphoneos;
				SWIFT_ACTIVE_COMPILATION_CONDITIONS = "DEBUG $(inherited)";
				SWIFT_EMIT_LOC_STRINGS = NO;
				SWIFT_VERSION = 5.0;
				TARGETED_DEVICE_FAMILY = "1,2";
				TEST_HOST = "$(BUILT_PRODUCTS_DIR)/JSPortfolio.app/$(BUNDLE_EXECUTABLE_FOLDER_PATH)/JSPortfolio";
			};
			name = Debug;
		};
		7041F6272B165D6A001F79E4 /* Release */ = {
			isa = XCBuildConfiguration;
			buildSettings = {
				ASSETCATALOG_COMPILER_GENERATE_SWIFT_ASSET_SYMBOL_EXTENSIONS = YES;
				BUNDLE_LOADER = "$(TEST_HOST)";
				CODE_SIGN_STYLE = Automatic;
				CURRENT_PROJECT_VERSION = 1;
				DEVELOPMENT_TEAM = 3SG8WAVD36;
				GCC_C_LANGUAGE_STANDARD = gnu17;
				GENERATE_INFOPLIST_FILE = YES;
				IPHONEOS_DEPLOYMENT_TARGET = 17.2;
				LOCALIZATION_PREFERS_STRING_CATALOGS = YES;
				MARKETING_VERSION = 1.0;
				PRODUCT_BUNDLE_IDENTIFIER = com.stout.jason.JSPortfolioTests;
				PRODUCT_NAME = "$(TARGET_NAME)";
				SDKROOT = iphoneos;
				SWIFT_EMIT_LOC_STRINGS = NO;
				SWIFT_VERSION = 5.0;
				TARGETED_DEVICE_FAMILY = "1,2";
				TEST_HOST = "$(BUILT_PRODUCTS_DIR)/JSPortfolio.app/$(BUNDLE_EXECUTABLE_FOLDER_PATH)/JSPortfolio";
				VALIDATE_PRODUCT = YES;
			};
			name = Release;
		};
/* End XCBuildConfiguration section */

/* Begin XCConfigurationList section */
		702237AD2ABCEB9E00417F5B /* Build configuration list for PBXProject "JSPortfolio" */ = {
			isa = XCConfigurationList;
			buildConfigurations = (
				702237BF2ABCEBA000417F5B /* Debug */,
				702237C02ABCEBA000417F5B /* Release */,
			);
			defaultConfigurationIsVisible = 0;
			defaultConfigurationName = Release;
		};
		702237C12ABCEBA000417F5B /* Build configuration list for PBXNativeTarget "JSPortfolio" */ = {
			isa = XCConfigurationList;
			buildConfigurations = (
				702237C22ABCEBA000417F5B /* Debug */,
				702237C32ABCEBA000417F5B /* Release */,
			);
			defaultConfigurationIsVisible = 0;
			defaultConfigurationName = Release;
		};
		7041F6282B165D6A001F79E4 /* Build configuration list for PBXNativeTarget "JSPortfolioTests" */ = {
			isa = XCConfigurationList;
			buildConfigurations = (
				7041F6262B165D6A001F79E4 /* Debug */,
				7041F6272B165D6A001F79E4 /* Release */,
			);
			defaultConfigurationIsVisible = 0;
			defaultConfigurationName = Release;
		};
/* End XCConfigurationList section */

/* Begin XCVersionGroup section */
		702237C42ABCF8C900417F5B /* Main.xcdatamodeld */ = {
			isa = XCVersionGroup;
			children = (
				702237C52ABCF8C900417F5B /* Main.xcdatamodel */,
			);
			currentVersion = 702237C52ABCF8C900417F5B /* Main.xcdatamodel */;
			path = Main.xcdatamodeld;
			sourceTree = "<group>";
			versionGroupType = wrapper.xcdatamodel;
		};
/* End XCVersionGroup section */
	};
	rootObject = 702237AA2ABCEB9E00417F5B /* Project object */;
}
